PODS:
  - Flutter (1.0.0)
  - path_provider_foundation (0.0.1):
    - Flutter
    - FlutterMacOS
  - permission_handler_apple (9.3.0):
    - Flutter
  - Protobuf (3.29.3)
  - sentiance_core (6.11.1):
    - Flutter
    - SENTSDK (~> 6.11.0)
  - sentiance_crash_detection (6.11.1):
    - Flutter
    - sentiance_core (= 6.11.1)
    - SENTSDK (~> 6.11.0)
  - sentiance_driving_insights (6.11.1):
    - Flutter
    - sentiance_core (= 6.11.1)
    - SENTSDK (~> 6.11.0)
  - sentiance_event_timeline (6.11.1):
    - Flutter
    - sentiance_core (= 6.11.1)
    - SENTSDK (~> 6.11.0)
  - sentiance_user_context (6.11.1):
    - Flutter
    - sentiance_core (= 6.11.1)
    - SENTSDK (~> 6.11.0)
  - SENTSDK (6.11.1):
    - Protobuf (~> 3.18)
    - TensorFlowLiteC (~> 2.17.0)
    - UnzipKit (~> 1.9)
  - TensorFlowLiteC (2.17.0):
    - TensorFlowLiteC/Core (= 2.17.0)
  - TensorFlowLiteC/Core (2.17.0)
  - UnzipKit (1.9):
    - UnzipKit/minizip-lib (= 1.9)
  - UnzipKit/minizip-lib (1.9)

DEPENDENCIES:
  - Flutter (from `Flutter`)
  - path_provider_foundation (from `.symlinks/plugins/path_provider_foundation/darwin`)
  - permission_handler_apple (from `.symlinks/plugins/permission_handler_apple/ios`)
  - sentiance_core (from `.symlinks/plugins/sentiance_core/ios`)
  - sentiance_crash_detection (from `.symlinks/plugins/sentiance_crash_detection/ios`)
  - sentiance_driving_insights (from `.symlinks/plugins/sentiance_driving_insights/ios`)
  - sentiance_event_timeline (from `.symlinks/plugins/sentiance_event_timeline/ios`)
  - sentiance_user_context (from `.symlinks/plugins/sentiance_user_context/ios`)

SPEC REPOS:
  trunk:
    - Protobuf
    - SENTSDK
    - TensorFlowLiteC
    - UnzipKit

EXTERNAL SOURCES:
  Flutter:
    :path: Flutter
  path_provider_foundation:
    :path: ".symlinks/plugins/path_provider_foundation/darwin"
  permission_handler_apple:
    :path: ".symlinks/plugins/permission_handler_apple/ios"
  sentiance_core:
    :path: ".symlinks/plugins/sentiance_core/ios"
  sentiance_crash_detection:
    :path: ".symlinks/plugins/sentiance_crash_detection/ios"
  sentiance_driving_insights:
    :path: ".symlinks/plugins/sentiance_driving_insights/ios"
  sentiance_event_timeline:
    :path: ".symlinks/plugins/sentiance_event_timeline/ios"
  sentiance_user_context:
    :path: ".symlinks/plugins/sentiance_user_context/ios"

SPEC CHECKSUMS:
  Flutter: e0871f40cf51350855a761d2e70bf5af5b9b5de7
  path_provider_foundation: 2b6b4c569c0fb62ec74538f866245ac84301af46
  permission_handler_apple: 9878588469a2b0d0fc1e048d9f43605f92e6cec2
  Protobuf: e2de96d939c642ce8da186343ff8929b35223212
  sentiance_core: 221397e6d8e1b2829524f8a3d5841922ebac9396
  sentiance_crash_detection: 9896dccbe896355aba9552b952b3014d6abd9ba1
  sentiance_driving_insights: b2a0389bff8dfead8ffa9a8af2e69f0dde652feb
  sentiance_event_timeline: 33cf812579b27c4f6285a58b4663326bfffa519f
  sentiance_user_context: 5c8816fb84b1957e23ff7879e7f0ad0b77295d9d
  SENTSDK: 202209c8bf023af6b389c4fd718345fdb84ebbe7
  TensorFlowLiteC: eac6d689a8d391d1b202dc59e3d9165ba64aaf73
  UnzipKit: 40e2c20a4928f0cfde5eb05a1108c08ee3e16bdc

PODFILE CHECKSUM: deedd82d66cea142ba417a17c7730feb2f48c8c4

COCOAPODS: 1.15.2
