PODS:
  - Flutter (1.0.0)
  - path_provider_foundation (0.0.1):
    - Flutter
    - FlutterMacOS
  - permission_handler_apple (9.1.1):
    - Flutter
  - Protobuf (3.26.1)
  - sentiance_core (0.0.1):
    - Flutter
    - SENTSDK (~> 6.7.0)
  - sentiance_crash_detection (0.0.1):
    - Flutter
    - SENTSDK (~> 6.7.0)
  - sentiance_driving_insights (0.0.1):
    - Flutter
    - SENTSDK (~> 6.7.0)
  - sentiance_event_timeline (0.0.1):
    - Flutter
    - SENTSDK (~> 6.7.0)
  - sentiance_user_context (0.0.1):
    - Flutter
    - SENTSDK (~> 6.7.0)
  - SENTSDK (6.7.0):
    - Protobuf (~> 3.18)
    - TensorFlowLiteC (~> 2.7.0)
    - UnzipKit (~> 1.9)
  - TensorFlowLiteC (2.7.0):
    - TensorFlowLiteC/Core (= 2.7.0)
  - TensorFlowLiteC/Core (2.7.0)
  - UnzipKit (1.9):
    - UnzipKit/minizip-lib (= 1.9)
  - UnzipKit/minizip-lib (1.9)

DEPENDENCIES:
  - Flutter (from `Flutter`)
  - path_provider_foundation (from `.symlinks/plugins/path_provider_foundation/darwin`)
  - permission_handler_apple (from `.symlinks/plugins/permission_handler_apple/ios`)
  - sentiance_core (from `.symlinks/plugins/sentiance_core/ios`)
  - sentiance_crash_detection (from `.symlinks/plugins/sentiance_crash_detection/ios`)
  - sentiance_driving_insights (from `.symlinks/plugins/sentiance_driving_insights/ios`)
  - sentiance_event_timeline (from `.symlinks/plugins/sentiance_event_timeline/ios`)
  - sentiance_user_context (from `.symlinks/plugins/sentiance_user_context/ios`)

SPEC REPOS:
  trunk:
    - Protobuf
    - SENTSDK
    - TensorFlowLiteC
    - UnzipKit

EXTERNAL SOURCES:
  Flutter:
    :path: Flutter
  path_provider_foundation:
    :path: ".symlinks/plugins/path_provider_foundation/darwin"
  permission_handler_apple:
    :path: ".symlinks/plugins/permission_handler_apple/ios"
  sentiance_core:
    :path: ".symlinks/plugins/sentiance_core/ios"
  sentiance_crash_detection:
    :path: ".symlinks/plugins/sentiance_crash_detection/ios"
  sentiance_driving_insights:
    :path: ".symlinks/plugins/sentiance_driving_insights/ios"
  sentiance_event_timeline:
    :path: ".symlinks/plugins/sentiance_event_timeline/ios"
  sentiance_user_context:
    :path: ".symlinks/plugins/sentiance_user_context/ios"

SPEC CHECKSUMS:
  Flutter: e0871f40cf51350855a761d2e70bf5af5b9b5de7
  path_provider_foundation: 3784922295ac71e43754bd15e0653ccfd36a147c
  permission_handler_apple: e76247795d700c14ea09e3a2d8855d41ee80a2e6
  Protobuf: a53f5173a603075b3522a5c50be63a67a5f3353a
  sentiance_core: c81b95a2f09efa73bab17758d221c4db5fa6f574
  sentiance_crash_detection: 960ec78305a8d595f9a07276b7c4a6b11387fbb6
  sentiance_driving_insights: 0bc1e8b06af64bba5760f7ece28ea43f1ca0bcf2
  sentiance_event_timeline: 34bf813b2f97392704121ac52161796ff1062448
  sentiance_user_context: c20c6b4285a79a543ebf70b814880e8071c7b53e
  SENTSDK: 283c584869b58d94bd478418c88021dd87036777
  TensorFlowLiteC: 50d75ed3640c15dcfbaf88ca4326297b445e00a1
  UnzipKit: 40e2c20a4928f0cfde5eb05a1108c08ee3e16bdc

PODFILE CHECKSUM: deedd82d66cea142ba417a17c7730feb2f48c8c4

COCOAPODS: 1.15.2
