PODS:
  - Flutter (1.0.0)
  - path_provider_foundation (0.0.1):
    - Flutter
    - FlutterMacOS
  - permission_handler_apple (9.1.1):
    - Flutter
  - Protobuf (3.29.2)
  - sentiance_core (6.9.3):
    - Flutter
    - SENTSDK (~> 6.9.0)
  - sentiance_crash_detection (6.9.3):
    - Flutter
    - sentiance_core (= 6.9.3)
    - SENTSDK (~> 6.9.0)
  - sentiance_driving_insights (6.9.3):
    - Flutter
    - sentiance_core (= 6.9.3)
    - SENTSDK (~> 6.9.0)
  - sentiance_event_timeline (6.9.3):
    - Flutter
    - sentiance_core (= 6.9.3)
    - SENTSDK (~> 6.9.0)
  - sentiance_user_context (6.9.3):
    - Flutter
    - sentiance_core (= 6.9.3)
    - SENTSDK (~> 6.9.0)
  - SENTSDK (6.9.1):
    - Protobuf (~> 3.18)
    - TensorFlowLiteC (~> 2.17.0)
    - UnzipKit (~> 1.9)
  - TensorFlowLiteC (2.17.0):
    - TensorFlowLiteC/Core (= 2.17.0)
  - TensorFlowLiteC/Core (2.17.0)
  - UnzipKit (1.9):
    - UnzipKit/minizip-lib (= 1.9)
  - UnzipKit/minizip-lib (1.9)

DEPENDENCIES:
  - Flutter (from `Flutter`)
  - path_provider_foundation (from `.symlinks/plugins/path_provider_foundation/darwin`)
  - permission_handler_apple (from `.symlinks/plugins/permission_handler_apple/ios`)
  - sentiance_core (from `.symlinks/plugins/sentiance_core/ios`)
  - sentiance_crash_detection (from `.symlinks/plugins/sentiance_crash_detection/ios`)
  - sentiance_driving_insights (from `.symlinks/plugins/sentiance_driving_insights/ios`)
  - sentiance_event_timeline (from `.symlinks/plugins/sentiance_event_timeline/ios`)
  - sentiance_user_context (from `.symlinks/plugins/sentiance_user_context/ios`)

SPEC REPOS:
  trunk:
    - Protobuf
    - SENTSDK
    - TensorFlowLiteC
    - UnzipKit

EXTERNAL SOURCES:
  Flutter:
    :path: Flutter
  path_provider_foundation:
    :path: ".symlinks/plugins/path_provider_foundation/darwin"
  permission_handler_apple:
    :path: ".symlinks/plugins/permission_handler_apple/ios"
  sentiance_core:
    :path: ".symlinks/plugins/sentiance_core/ios"
  sentiance_crash_detection:
    :path: ".symlinks/plugins/sentiance_crash_detection/ios"
  sentiance_driving_insights:
    :path: ".symlinks/plugins/sentiance_driving_insights/ios"
  sentiance_event_timeline:
    :path: ".symlinks/plugins/sentiance_event_timeline/ios"
  sentiance_user_context:
    :path: ".symlinks/plugins/sentiance_user_context/ios"

SPEC CHECKSUMS:
  Flutter: e0871f40cf51350855a761d2e70bf5af5b9b5de7
  path_provider_foundation: 2b6b4c569c0fb62ec74538f866245ac84301af46
  permission_handler_apple: e76247795d700c14ea09e3a2d8855d41ee80a2e6
  Protobuf: ba5d83b2201386fec27d484c099cac510ea5c169
  sentiance_core: a1e2a7ef9a5d7a9a6f82754d338eb815e49cf75d
  sentiance_crash_detection: df5b8cdaa37f8304fe15a9e536aa757a55b55d3e
  sentiance_driving_insights: dca7032e09253005e3c60bf22e252d604d0174c1
  sentiance_event_timeline: 2c8b3ede8a8b3c9808a5802edda317158d2f66cd
  sentiance_user_context: 1fd82b7670de76f2fc914e7af5c4f15d47b0664d
  SENTSDK: b22c85d81541780e93d5c16f362fdf8fda541072
  TensorFlowLiteC: eac6d689a8d391d1b202dc59e3d9165ba64aaf73
  UnzipKit: 40e2c20a4928f0cfde5eb05a1108c08ee3e16bdc

PODFILE CHECKSUM: deedd82d66cea142ba417a17c7730feb2f48c8c4

COCOAPODS: 1.15.2
